
Microsoft Visual Studio Solution File, Format Version 12.00
# Visual Studio Version 16
VisualStudioVersion = 16.0.31129.286
MinimumVisualStudioVersion = 10.0.40219.1
Project("{FAE04EC0-301F-11D3-BF4B-00C04F79EFBC}") = "UserRegisLambdaExpression", "UserRegisLambdaExpression\UserRegisLambdaExpression.csproj", "{EEC83549-E222-402E-83FB-BC3E682E5391}"
EndProject
Project("{FAE04EC0-301F-11D3-BF4B-00C04F79EFBC}") = "MSTestUserLambda", "MSTestUserLambda\MSTestUserLambda.csproj", "{64806F0E-5E0E-494A-8B78-BAB21E1745A5}"
EndProject
Global
	GlobalSection(SolutionConfigurationPlatforms) = preSolution
		Debug|Any CPU = Debug|Any CPU
		Release|Any CPU = Release|Any CPU
	EndGlobalSection
	GlobalSection(ProjectConfigurationPlatforms) = postSolution
		{EEC83549-E222-402E-83FB-BC3E682E5391}.Debug|Any CPU.ActiveCfg = Debug|Any CPU
		{EEC83549-E222-402E-83FB-BC3E682E5391}.Debug|Any CPU.Build.0 = Debug|Any CPU
		{EEC83549-E222-402E-83FB-BC3E682E5391}.Release|Any CPU.ActiveCfg = Release|Any CPU
		{EEC83549-E222-402E-83FB-BC3E682E5391}.Release|Any CPU.Build.0 = Release|Any CPU
		{64806F0E-5E0E-494A-8B78-BAB21E1745A5}.Debug|Any CPU.ActiveCfg = Debug|Any CPU
		{64806F0E-5E0E-494A-8B78-BAB21E1745A5}.Debug|Any CPU.Build.0 = Debug|Any CPU
		{64806F0E-5E0E-494A-8B78-BAB21E1745A5}.Release|Any CPU.ActiveCfg = Release|Any CPU
		{64806F0E-5E0E-494A-8B78-BAB21E1745A5}.Release|Any CPU.Build.0 = Release|Any CPU
	EndGlobalSection
	GlobalSection(SolutionProperties) = preSolution
		HideSolutionNode = FALSE
	EndGlobalSection
	GlobalSection(ExtensibilityGlobals) = postSolution
		SolutionGuid = {1D27D617-67E5-4ED8-9B55-6E2E41BE6325}
	EndGlobalSection
EndGlobal
